{
  "name": "react-cli",
  "version": "1.0.0",
  "lockfileVersion": 2,
  "requires": true,
  "packages": {
    "": {
      "name": "react-cli",
      "version": "1.0.0",
      "license": "MIT",
      "dependencies": {
        "detect-libc": "^2.0.1",
        "user": "^0.0.0"
      },
      "bin": {
        "react-cli": "index.js"
      }
    },
    "node_modules/detect-libc": {
      "version": "2.0.1",
      "resolved": "http://0.0.0.0:4873/detect-libc/-/detect-libc-2.0.1.tgz",
      "integrity": "sha512-463v3ZeIrcWtdgIg6vI6XUncguvr2TnGl4SzDXinkt9mSLpBJKXT3mW6xT3VQdDN11+WVs29pgvivTc4Lp8v+w==",
      "license": "Apache-2.0",
      "engines": {
        "node": ">=8"
      }
    },
    "node_modules/user": {
      "version": "0.0.0",
      "resolved": "http://0.0.0.0:4873/user/-/user-0.0.0.tgz",
      "integrity": "sha1-8n8bI/xRHyqO+kDbVc+6Ejgk4Co=",
      "license": "MIT"
    }
  },
  "dependencies": {
    "detect-libc": {
      "version": "2.0.1",
      "resolved": "http://0.0.0.0:4873/detect-libc/-/detect-libc-2.0.1.tgz",
      "integrity": "sha512-463v3ZeIrcWtdgIg6vI6XUncguvr2TnGl4SzDXinkt9mSLpBJKXT3mW6xT3VQdDN11+WVs29pgvivTc4Lp8v+w=="
    },
    "user": {
      "version": "0.0.0",
      "resolved": "http://0.0.0.0:4873/user/-/user-0.0.0.tgz",
      "integrity": "sha1-8n8bI/xRHyqO+kDbVc+6Ejgk4Co="
    }
  }
}
