# THIS IS AN AUTOGENERATED FILE. DO NOT EDIT THIS FILE DIRECTLY.
# yarn lockfile v1


"detect-libc@^2.0.1":
  "integrity" "sha512-463v3ZeIrcWtdgIg6vI6XUncguvr2TnGl4SzDXinkt9mSLpBJKXT3mW6xT3VQdDN11+WVs29pgvivTc4Lp8v+w=="
  "resolved" "http://0.0.0.0:4873/detect-libc/-/detect-libc-2.0.1.tgz"
  "version" "2.0.1"

"user@^0.0.0":
  "integrity" "sha1-8n8bI/xRHyqO+kDbVc+6Ejgk4Co="
  "resolved" "http://0.0.0.0:4873/user/-/user-0.0.0.tgz"
  "version" "0.0.0"
